// !$*UTF8*$!
{
	archiveVersion = 1;
	classes = {
	};
	objectVersion = 50;
	objects = {

/* Begin PBXBuildFile section */
		8912B393276A433700F639FD /* AppDelegate.swift in Sources */ = {isa = PBXBuildFile; fileRef = 8912B392276A433700F639FD /* AppDelegate.swift */; };
		8912B395276A433700F639FD /* SceneDelegate.swift in Sources */ = {isa = PBXBuildFile; fileRef = 8912B394276A433700F639FD /* SceneDelegate.swift */; };
		8912B397276A433700F639FD /* ViewController.swift in Sources */ = {isa = PBXBuildFile; fileRef = 8912B396276A433700F639FD /* ViewController.swift */; };
		8912B39A276A433700F639FD /* Main.storyboard in Resources */ = {isa = PBXBuildFile; fileRef = 8912B398276A433700F639FD /* Main.storyboard */; };
		8912B39C276A434600F639FD /* Assets.xcassets in Resources */ = {isa = PBXBuildFile; fileRef = 8912B39B276A434600F639FD /* Assets.xcassets */; };
		8912B39F276A434600F639FD /* LaunchScreen.storyboard in Resources */ = {isa = PBXBuildFile; fileRef = 8912B39D276A434600F639FD /* LaunchScreen.storyboard */; };
		8912B3A8276A466000F639FD /* Country.swift in Sources */ = {isa = PBXBuildFile; fileRef = 8912B3A7276A466000F639FD /* Country.swift */; };
		8912B3AB276A479500F639FD /* Countries.swift in Sources */ = {isa = PBXBuildFile; fileRef = 8912B3AA276A479500F639FD /* Countries.swift */; };
		89FAC88027736E4600A4D4E6 /* countries.json in Resources */ = {isa = PBXBuildFile; fileRef = 89FAC87F27736E4500A4D4E6 /* countries.json */; };
		89FAC887277374E400A4D4E6 /* DetailViewController.swift in Sources */ = {isa = PBXBuildFile; fileRef = 89FAC886277374E400A4D4E6 /* DetailViewController.swift */; };
/* End PBXBuildFile section */

/* Begin PBXFileReference section */
		8912B38F276A433700F639FD /* Challenge 13-15.app */ = {isa = PBXFileReference; explicitFileType = wrapper.application; includeInIndex = 0; path = "Challenge 13-15.app"; sourceTree = BUILT_PRODUCTS_DIR; };
		8912B392276A433700F639FD /* AppDelegate.swift */ = {isa = PBXFileReference; lastKnownFileType = sourcecode.swift; path = AppDelegate.swift; sourceTree = "<group>"; };
		8912B394276A433700F639FD /* SceneDelegate.swift */ = {isa = PBXFileReference; lastKnownFileType = sourcecode.swift; path = SceneDelegate.swift; sourceTree = "<group>"; };
		8912B396276A433700F639FD /* ViewController.swift */ = {isa = PBXFileReference; lastKnownFileType = sourcecode.swift; path = ViewController.swift; sourceTree = "<group>"; };
		8912B399276A433700F639FD /* Base */ = {isa = PBXFileReference; lastKnownFileType = file.storyboard; name = Base; path = Base.lproj/Main.storyboard; sourceTree = "<group>"; };
		8912B39B276A434600F639FD /* Assets.xcassets */ = {isa = PBXFileReference; lastKnownFileType = folder.assetcatalog; path = Assets.xcassets; sourceTree = "<group>"; };
		8912B39E276A434600F639FD /* Base */ = {isa = PBXFileReference; lastKnownFileType = file.storyboard; name = Base; path = Base.lproj/LaunchScreen.storyboard; sourceTree = "<group>"; };
		8912B3A0276A434700F639FD /* Info.plist */ = {isa = PBXFileReference; lastKnownFileType = text.plist.xml; path = Info.plist; sourceTree = "<group>"; };
		8912B3A7276A466000F639FD /* Country.swift */ = {isa = PBXFileReference; lastKnownFileType = sourcecode.swift; path = Country.swift; sourceTree = "<group>"; };
		8912B3AA276A479500F639FD /* Countries.swift */ = {isa = PBXFileReference; lastKnownFileType = sourcecode.swift; path = Countries.swift; sourceTree = "<group>"; };
		89FAC87F27736E4500A4D4E6 /* countries.json */ = {isa = PBXFileReference; fileEncoding = 4; lastKnownFileType = text.json; path = countries.json; sourceTree = "<group>"; };
		89FAC886277374E400A4D4E6 /* DetailViewController.swift */ = {isa = PBXFileReference; lastKnownFileType = sourcecode.swift; path = DetailViewController.swift; sourceTree = "<group>"; };
/* End PBXFileReference section */

/* Begin PBXFrameworksBuildPhase section */
		8912B38C276A433700F639FD /* Frameworks */ = {
			isa = PBXFrameworksBuildPhase;
			buildActionMask = 2147483647;
			files = (
			);
			runOnlyForDeploymentPostprocessing = 0;
		};
/* End PBXFrameworksBuildPhase section */

/* Begin PBXGroup section */
		8912B386276A433700F639FD = {
			isa = PBXGroup;
			children = (
				8912B391276A433700F639FD /* Challenge 13-15 */,
				8912B390276A433700F639FD /* Products */,
			);
			sourceTree = "<group>";
		};
		8912B390276A433700F639FD /* Products */ = {
			isa = PBXGroup;
			children = (
				8912B38F276A433700F639FD /* Challenge 13-15.app */,
			);
			name = Products;
			sourceTree = "<group>";
		};
		8912B391276A433700F639FD /* Challenge 13-15 */ = {
			isa = PBXGroup;
			children = (
				8912B392276A433700F639FD /* AppDelegate.swift */,
				8912B394276A433700F639FD /* SceneDelegate.swift */,
				8912B396276A433700F639FD /* ViewController.swift */,
				8912B3A7276A466000F639FD /* Country.swift */,
				8912B3AA276A479500F639FD /* Countries.swift */,
				8912B398276A433700F639FD /* Main.storyboard */,
				89FAC886277374E400A4D4E6 /* DetailViewController.swift */,
				8912B39B276A434600F639FD /* Assets.xcassets */,
				8912B39D276A434600F639FD /* LaunchScreen.storyboard */,
				8912B3A0276A434700F639FD /* Info.plist */,
				89FAC87F27736E4500A4D4E6 /* countries.json */,
			);
			path = "Challenge 13-15";
			sourceTree = "<group>";
		};
/* End PBXGroup section */

/* Begin PBXNativeTarget section */
		8912B38E276A433700F639FD /* Challenge 13-15 */ = {
			isa = PBXNativeTarget;
			buildConfigurationList = 8912B3A3276A434700F639FD /* Build configuration list for PBXNativeTarget "Challenge 13-15" */;
			buildPhases = (
				8912B38B276A433700F639FD /* Sources */,
				8912B38C276A433700F639FD /* Frameworks */,
				8912B38D276A433700F639FD /* Resources */,
			);
			buildRules = (
			);
			dependencies = (
			);
			name = "Challenge 13-15";
			productName = "Challenge 13-15";
			productReference = 8912B38F276A433700F639FD /* Challenge 13-15.app */;
			productType = "com.apple.product-type.application";
		};
/* End PBXNativeTarget section */

/* Begin PBXProject section */
		8912B387276A433700F639FD /* Project object */ = {
			isa = PBXProject;
			attributes = {
				LastSwiftUpdateCheck = 1240;
				LastUpgradeCheck = 1240;
				TargetAttributes = {
					8912B38E276A433700F639FD = {
						CreatedOnToolsVersion = 12.4;
					};
				};
			};
			buildConfigurationList = 8912B38A276A433700F639FD /* Build configuration list for PBXProject "Challenge 13-15" */;
			compatibilityVersion = "Xcode 9.3";
			developmentRegion = en;
			hasScannedForEncodings = 0;
			knownRegions = (
				en,
				Base,
			);
			mainGroup = 8912B386276A433700F639FD;
			productRefGroup = 8912B390276A433700F639FD /* Products */;
			projectDirPath = "";
			projectRoot = "";
			targets = (
				8912B38E276A433700F639FD /* Challenge 13-15 */,
			);
		};
/* End PBXProject section */

/* Begin PBXResourcesBuildPhase section */
		8912B38D276A433700F639FD /* Resources */ = {
			isa = PBXResourcesBuildPhase;
			buildActionMask = 2147483647;
			files = (
				8912B39F276A434600F639FD /* LaunchScreen.storyboard in Resources */,
				8912B39C276A434600F639FD /* Assets.xcassets in Resources */,
				89FAC88027736E4600A4D4E6 /* countries.json in Resources */,
				8912B39A276A433700F639FD /* Main.storyboard in Resources */,
			);
			runOnlyForDeploymentPostprocessing = 0;
		};
/* End PBXResourcesBuildPhase section */

/* Begin PBXSourcesBuildPhase section */
		8912B38B276A433700F639FD /* Sources */ = {
			isa = PBXSourcesBuildPhase;
			buildActionMask = 2147483647;
			files = (
				8912B3A8276A466000F639FD /* Country.swift in Sources */,
				8912B397276A433700F639FD /* ViewController.swift in Sources */,
				8912B393276A433700F639FD /* AppDelegate.swift in Sources */,
				89FAC887277374E400A4D4E6 /* DetailViewController.swift in Sources */,
				8912B3AB276A479500F639FD /* Countries.swift in Sources */,
				8912B395276A433700F639FD /* SceneDelegate.swift in Sources */,
			);
			runOnlyForDeploymentPostprocessing = 0;
		};
/* End PBXSourcesBuildPhase section */

/* Begin PBXVariantGroup section */
		8912B398276A433700F639FD /* Main.storyboard */ = {
			isa = PBXVariantGroup;
			children = (
				8912B399276A433700F639FD /* Base */,
			);
			name = Main.storyboard;
			sourceTree = "<group>";
		};
		8912B39D276A434600F639FD /* LaunchScreen.storyboard */ = {
			isa = PBXVariantGroup;
			children = (
				8912B39E276A434600F639FD /* Base */,
			);
			name = LaunchScreen.storyboard;
			sourceTree = "<group>";
		};
/* End PBXVariantGroup section */

/* Begin XCBuildConfiguration section */
		8912B3A1276A434700F639FD /* Debug */ = {
			isa = XCBuildConfiguration;
			buildSettings = {
				ALWAYS_SEARCH_USER_PATHS = NO;
				CLANG_ANALYZER_NONNULL = YES;
				CLANG_ANALYZER_NUMBER_OBJECT_CONVERSION = YES_AGGRESSIVE;
				CLANG_CXX_LANGUAGE_STANDARD = "gnu++14";
				CLANG_CXX_LIBRARY = "libc++";
				CLANG_ENABLE_MODULES = YES;
				CLANG_ENABLE_OBJC_ARC = YES;
				CLANG_ENABLE_OBJC_WEAK = YES;
				CLANG_WARN_BLOCK_CAPTURE_AUTORELEASING = YES;
				CLANG_WARN_BOOL_CONVERSION = YES;
				CLANG_WARN_COMMA = YES;
				CLANG_WARN_CONSTANT_CONVERSION = YES;
				CLANG_WARN_DEPRECATED_OBJC_IMPLEMENTATIONS = YES;
				CLANG_WARN_DIRECT_OBJC_ISA_USAGE = YES_ERROR;
				CLANG_WARN_DOCUMENTATION_COMMENTS = YES;
				CLANG_WARN_EMPTY_BODY = YES;
				CLANG_WARN_ENUM_CONVERSION = YES;
				CLANG_WARN_INFINITE_RECURSION = YES;
				CLANG_WARN_INT_CONVERSION = YES;
				CLANG_WARN_NON_LITERAL_NULL_CONVERSION = YES;
				CLANG_WARN_OBJC_IMPLICIT_RETAIN_SELF = YES;
				CLANG_WARN_OBJC_LITERAL_CONVERSION = YES;
				CLANG_WARN_OBJC_ROOT_CLASS = YES_ERROR;
				CLANG_WARN_QUOTED_INCLUDE_IN_FRAMEWORK_HEADER = YES;
				CLANG_WARN_RANGE_LOOP_ANALYSIS = YES;
				CLANG_WARN_STRICT_PROTOTYPES = YES;
				CLANG_WARN_SUSPICIOUS_MOVE = YES;
				CLANG_WARN_UNGUARDED_AVAILABILITY = YES_AGGRESSIVE;
				CLANG_WARN_UNREACHABLE_CODE = YES;
				CLANG_WARN__DUPLICATE_METHOD_MATCH = YES;
				COPY_PHASE_STRIP = NO;
				DEBUG_INFORMATION_FORMAT = dwarf;
				ENABLE_STRICT_OBJC_MSGSEND = YES;
				ENABLE_TESTABILITY = YES;
				GCC_C_LANGUAGE_STANDARD = gnu11;
				GCC_DYNAMIC_NO_PIC = NO;
				GCC_NO_COMMON_BLOCKS = YES;
				GCC_OPTIMIZATION_LEVEL = 0;
				GCC_PREPROCESSOR_DEFINITIONS = (
					"DEBUG=1",
					"$(inherited)",
				);
				GCC_WARN_64_TO_32_BIT_CONVERSION = YES;
				GCC_WARN_ABOUT_RETURN_TYPE = YES_ERROR;
				GCC_WARN_UNDECLARED_SELECTOR = YES;
				GCC_WARN_UNINITIALIZED_AUTOS = YES_AGGRESSIVE;
				GCC_WARN_UNUSED_FUNCTION = YES;
				GCC_WARN_UNUSED_VARIABLE = YES;
				IPHONEOS_DEPLOYMENT_TARGET = 14.4;
				MTL_ENABLE_DEBUG_INFO = INCLUDE_SOURCE;
				MTL_FAST_MATH = YES;
				ONLY_ACTIVE_ARCH = YES;
				SDKROOT = iphoneos;
				SWIFT_ACTIVE_COMPILATION_CONDITIONS = DEBUG;
				SWIFT_OPTIMIZATION_LEVEL = "-Onone";
			};
			name = Debug;
		};
		8912B3A2276A434700F639FD /* Release */ = {
			isa = XCBuildConfiguration;
			buildSettings = {
				ALWAYS_SEARCH_USER_PATHS = NO;
				CLANG_ANALYZER_NONNULL = YES;
				CLANG_ANALYZER_NUMBER_OBJECT_CONVERSION = YES_AGGRESSIVE;
				CLANG_CXX_LANGUAGE_STANDARD = "gnu++14";
				CLANG_CXX_LIBRARY = "libc++";
				CLANG_ENABLE_MODULES = YES;
				CLANG_ENABLE_OBJC_ARC = YES;
				CLANG_ENABLE_OBJC_WEAK = YES;
				CLANG_WARN_BLOCK_CAPTURE_AUTORELEASING = YES;
				CLANG_WARN_BOOL_CONVERSION = YES;
				CLANG_WARN_COMMA = YES;
				CLANG_WARN_CONSTANT_CONVERSION = YES;
				CLANG_WARN_DEPRECATED_OBJC_IMPLEMENTATIONS = YES;
				CLANG_WARN_DIRECT_OBJC_ISA_USAGE = YES_ERROR;
				CLANG_WARN_DOCUMENTATION_COMMENTS = YES;
				CLANG_WARN_EMPTY_BODY = YES;
				CLANG_WARN_ENUM_CONVERSION = YES;
				CLANG_WARN_INFINITE_RECURSION = YES;
				CLANG_WARN_INT_CONVERSION = YES;
				CLANG_WARN_NON_LITERAL_NULL_CONVERSION = YES;
				CLANG_WARN_OBJC_IMPLICIT_RETAIN_SELF = YES;
				CLANG_WARN_OBJC_LITERAL_CONVERSION = YES;
				CLANG_WARN_OBJC_ROOT_CLASS = YES_ERROR;
				CLANG_WARN_QUOTED_INCLUDE_IN_FRAMEWORK_HEADER = YES;
				CLANG_WARN_RANGE_LOOP_ANALYSIS = YES;
				CLANG_WARN_STRICT_PROTOTYPES = YES;
				CLANG_WARN_SUSPICIOUS_MOVE = YES;
				CLANG_WARN_UNGUARDED_AVAILABILITY = YES_AGGRESSIVE;
				CLANG_WARN_UNREACHABLE_CODE = YES;
				CLANG_WARN__DUPLICATE_METHOD_MATCH = YES;
				COPY_PHASE_STRIP = NO;
				DEBUG_INFORMATION_FORMAT = "dwarf-with-dsym";
				ENABLE_NS_ASSERTIONS = NO;
				ENABLE_STRICT_OBJC_MSGSEND = YES;
				GCC_C_LANGUAGE_STANDARD = gnu11;
				GCC_NO_COMMON_BLOCKS = YES;
				GCC_WARN_64_TO_32_BIT_CONVERSION = YES;
				GCC_WARN_ABOUT_RETURN_TYPE = YES_ERROR;
				GCC_WARN_UNDECLARED_SELECTOR = YES;
				GCC_WARN_UNINITIALIZED_AUTOS = YES_AGGRESSIVE;
				GCC_WARN_UNUSED_FUNCTION = YES;
				GCC_WARN_UNUSED_VARIABLE = YES;
				IPHONEOS_DEPLOYMENT_TARGET = 14.4;
				MTL_ENABLE_DEBUG_INFO = NO;
				MTL_FAST_MATH = YES;
				SDKROOT = iphoneos;
				SWIFT_COMPILATION_MODE = wholemodule;
				SWIFT_OPTIMIZATION_LEVEL = "-O";
				VALIDATE_PRODUCT = YES;
			};
			name = Release;
		};
		8912B3A4276A434700F639FD /* Debug */ = {
			isa = XCBuildConfiguration;
			buildSettings = {
				ASSETCATALOG_COMPILER_APPICON_NAME = AppIcon;
				ASSETCATALOG_COMPILER_GLOBAL_ACCENT_COLOR_NAME = AccentColor;
				CODE_SIGN_STYLE = Automatic;
				INFOPLIST_FILE = "Challenge 13-15/Info.plist";
				LD_RUNPATH_SEARCH_PATHS = (
					"$(inherited)",
					"@executable_path/Frameworks",
				);
				PRODUCT_BUNDLE_IDENTIFIER = "Denys-Denysenko.Challenge-13-15";
				PRODUCT_NAME = "$(TARGET_NAME)";
				SWIFT_VERSION = 5.0;
				TARGETED_DEVICE_FAMILY = "1,2";
			};
			name = Debug;
		};
		8912B3A5276A434700F639FD /* Release */ = {
			isa = XCBuildConfiguration;
			buildSettings = {
				ASSETCATALOG_COMPILER_APPICON_NAME = AppIcon;
				ASSETCATALOG_COMPILER_GLOBAL_ACCENT_COLOR_NAME = AccentColor;
				CODE_SIGN_STYLE = Automatic;
				INFOPLIST_FILE = "Challenge 13-15/Info.plist";
				LD_RUNPATH_SEARCH_PATHS = (
					"$(inherited)",
					"@executable_path/Frameworks",
				);
				PRODUCT_BUNDLE_IDENTIFIER = "Denys-Denysenko.Challenge-13-15";
				PRODUCT_NAME = "$(TARGET_NAME)";
				SWIFT_VERSION = 5.0;
				TARGETED_DEVICE_FAMILY = "1,2";
			};
			name = Release;
		};
/* End XCBuildConfiguration section */

/* Begin XCConfigurationList section */
		8912B38A276A433700F639FD /* Build configuration list for PBXProject "Challenge 13-15" */ = {
			isa = XCConfigurationList;
			buildConfigurations = (
				8912B3A1276A434700F639FD /* Debug */,
				8912B3A2276A434700F639FD /* Release */,
			);
			defaultConfigurationIsVisible = 0;
			defaultConfigurationName = Release;
		};
		8912B3A3276A434700F639FD /* Build configuration list for PBXNativeTarget "Challenge 13-15" */ = {
			isa = XCConfigurationList;
			buildConfigurations = (
				8912B3A4276A434700F639FD /* Debug */,
				8912B3A5276A434700F639FD /* Release */,
			);
			defaultConfigurationIsVisible = 0;
			defaultConfigurationName = Release;
		};
/* End XCConfigurationList section */
	};
	rootObject = 8912B387276A433700F639FD /* Project object */;
}
